
Microsoft Visual Studio Solution File, Format Version 12.00
# Visual Studio Version 16
VisualStudioVersion = 16.0.31911.196
MinimumVisualStudioVersion = 10.0.40219.1
Project("{FAE04EC0-301F-11D3-BF4B-00C04F79EFBC}") = "A3ZWKY_HFT_2022231.Client", "A3ZWKY_HFT_2022231.Client\A3ZWKY_HFT_2022231.Client.csproj", "{02EA7788-3D97-406A-B1AE-4CE235A5C683}"
EndProject
Project("{FAE04EC0-301F-11D3-BF4B-00C04F79EFBC}") = "A3ZWKY_HFT_2022231.Endpoint", "A3ZWKY_HFT_2022231.Endpoint\A3ZWKY_HFT_2022231.Endpoint.csproj", "{6ECCE35A-0169-490D-AC43-DE300830F42C}"
EndProject
Project("{FAE04EC0-301F-11D3-BF4B-00C04F79EFBC}") = "A3ZWKY_HFT_2022231.Models", "A3ZWKY_HFT_2022231.Models\A3ZWKY_HFT_2022231.Models.csproj", "{E5A9A405-3683-410E-AAAA-1A7E87168109}"
EndProject
Project("{FAE04EC0-301F-11D3-BF4B-00C04F79EFBC}") = "A3ZWKY_HFT_2022231.Logic", "A3ZWKY_HFT_2022231.Logic\A3ZWKY_HFT_2022231.Logic.csproj", "{8DE20E16-F299-45EE-8425-48AD3D89842A}"
EndProject
Project("{FAE04EC0-301F-11D3-BF4B-00C04F79EFBC}") = "A3ZWKY_HFT_2022231.Repository", "A3ZWKY_HFT_2022231.Repository\A3ZWKY_HFT_2022231.Repository.csproj", "{E38AB12E-586F-4926-8E71-1648B09095F1}"
EndProject
Project("{FAE04EC0-301F-11D3-BF4B-00C04F79EFBC}") = "A3ZWKY_HFT_2022231.Test", "A3ZWKY_HFT_2022231.Test\A3ZWKY_HFT_2022231.Test.csproj", "{A1A55741-2338-4F06-AE6F-5F2264274C38}"
EndProject
Project("{2150E333-8FDC-42A3-9474-1A3956D46DE8}") = "Backend", "Backend", "{B4A187B6-FE6F-44E1-9511-0A6211528FBA}"
EndProject
Project("{2150E333-8FDC-42A3-9474-1A3956D46DE8}") = "Frontend", "Frontend", "{6D422E58-788A-4AE8-93E2-BFFB786BA0F4}"
EndProject
Project("{2150E333-8FDC-42A3-9474-1A3956D46DE8}") = "Shared", "Shared", "{FA63058C-3177-49B3-9B0A-C52DD5CE27DF}"
EndProject
Global
	GlobalSection(SolutionConfigurationPlatforms) = preSolution
		Debug|Any CPU = Debug|Any CPU
		Release|Any CPU = Release|Any CPU
	EndGlobalSection
	GlobalSection(ProjectConfigurationPlatforms) = postSolution
		{02EA7788-3D97-406A-B1AE-4CE235A5C683}.Debug|Any CPU.ActiveCfg = Debug|Any CPU
		{02EA7788-3D97-406A-B1AE-4CE235A5C683}.Debug|Any CPU.Build.0 = Debug|Any CPU
		{02EA7788-3D97-406A-B1AE-4CE235A5C683}.Release|Any CPU.ActiveCfg = Release|Any CPU
		{02EA7788-3D97-406A-B1AE-4CE235A5C683}.Release|Any CPU.Build.0 = Release|Any CPU
		{6ECCE35A-0169-490D-AC43-DE300830F42C}.Debug|Any CPU.ActiveCfg = Debug|Any CPU
		{6ECCE35A-0169-490D-AC43-DE300830F42C}.Debug|Any CPU.Build.0 = Debug|Any CPU
		{6ECCE35A-0169-490D-AC43-DE300830F42C}.Release|Any CPU.ActiveCfg = Release|Any CPU
		{6ECCE35A-0169-490D-AC43-DE300830F42C}.Release|Any CPU.Build.0 = Release|Any CPU
		{E5A9A405-3683-410E-AAAA-1A7E87168109}.Debug|Any CPU.ActiveCfg = Debug|Any CPU
		{E5A9A405-3683-410E-AAAA-1A7E87168109}.Debug|Any CPU.Build.0 = Debug|Any CPU
		{E5A9A405-3683-410E-AAAA-1A7E87168109}.Release|Any CPU.ActiveCfg = Release|Any CPU
		{E5A9A405-3683-410E-AAAA-1A7E87168109}.Release|Any CPU.Build.0 = Release|Any CPU
		{8DE20E16-F299-45EE-8425-48AD3D89842A}.Debug|Any CPU.ActiveCfg = Debug|Any CPU
		{8DE20E16-F299-45EE-8425-48AD3D89842A}.Debug|Any CPU.Build.0 = Debug|Any CPU
		{8DE20E16-F299-45EE-8425-48AD3D89842A}.Release|Any CPU.ActiveCfg = Release|Any CPU
		{8DE20E16-F299-45EE-8425-48AD3D89842A}.Release|Any CPU.Build.0 = Release|Any CPU
		{E38AB12E-586F-4926-8E71-1648B09095F1}.Debug|Any CPU.ActiveCfg = Debug|Any CPU
		{E38AB12E-586F-4926-8E71-1648B09095F1}.Debug|Any CPU.Build.0 = Debug|Any CPU
		{E38AB12E-586F-4926-8E71-1648B09095F1}.Release|Any CPU.ActiveCfg = Release|Any CPU
		{E38AB12E-586F-4926-8E71-1648B09095F1}.Release|Any CPU.Build.0 = Release|Any CPU
		{A1A55741-2338-4F06-AE6F-5F2264274C38}.Debug|Any CPU.ActiveCfg = Debug|Any CPU
		{A1A55741-2338-4F06-AE6F-5F2264274C38}.Debug|Any CPU.Build.0 = Debug|Any CPU
		{A1A55741-2338-4F06-AE6F-5F2264274C38}.Release|Any CPU.ActiveCfg = Release|Any CPU
		{A1A55741-2338-4F06-AE6F-5F2264274C38}.Release|Any CPU.Build.0 = Release|Any CPU
	EndGlobalSection
	GlobalSection(SolutionProperties) = preSolution
		HideSolutionNode = FALSE
	EndGlobalSection
	GlobalSection(NestedProjects) = preSolution
		{02EA7788-3D97-406A-B1AE-4CE235A5C683} = {6D422E58-788A-4AE8-93E2-BFFB786BA0F4}
		{6ECCE35A-0169-490D-AC43-DE300830F42C} = {B4A187B6-FE6F-44E1-9511-0A6211528FBA}
		{E5A9A405-3683-410E-AAAA-1A7E87168109} = {FA63058C-3177-49B3-9B0A-C52DD5CE27DF}
		{8DE20E16-F299-45EE-8425-48AD3D89842A} = {B4A187B6-FE6F-44E1-9511-0A6211528FBA}
		{E38AB12E-586F-4926-8E71-1648B09095F1} = {B4A187B6-FE6F-44E1-9511-0A6211528FBA}
		{A1A55741-2338-4F06-AE6F-5F2264274C38} = {B4A187B6-FE6F-44E1-9511-0A6211528FBA}
	EndGlobalSection
	GlobalSection(ExtensibilityGlobals) = postSolution
		SolutionGuid = {402D6F92-DFAD-4009-AD36-7B5CF672B1BA}
	EndGlobalSection
EndGlobal
